
Microsoft Visual Studio Solution File, Format Version 12.00
# Visual Studio 15
VisualStudioVersion = 15.0.28010.2048
MinimumVisualStudioVersion = 10.0.40219.1
Project("{FAE04EC0-301F-11D3-BF4B-00C04F79EFBC}") = "Dosya Okuma", "Dosya Okuma\Dosya Okuma.csproj", "{974858F8-3853-41BA-B877-098A0BB100C7}"
EndProject
Global
	GlobalSection(SolutionConfigurationPlatforms) = preSolution
		Debug|Any CPU = Debug|Any CPU
		Release|Any CPU = Release|Any CPU
	EndGlobalSection
	GlobalSection(ProjectConfigurationPlatforms) = postSolution
		{974858F8-3853-41BA-B877-098A0BB100C7}.Debug|Any CPU.ActiveCfg = Debug|Any CPU
		{974858F8-3853-41BA-B877-098A0BB100C7}.Debug|Any CPU.Build.0 = Debug|Any CPU
		{974858F8-3853-41BA-B877-098A0BB100C7}.Release|Any CPU.ActiveCfg = Release|Any CPU
		{974858F8-3853-41BA-B877-098A0BB100C7}.Release|Any CPU.Build.0 = Release|Any CPU
	EndGlobalSection
	GlobalSection(SolutionProperties) = preSolution
		HideSolutionNode = FALSE
	EndGlobalSection
	GlobalSection(ExtensibilityGlobals) = postSolution
		SolutionGuid = {8A5486CB-5E98-41A2-95EA-67788D759F34}
	EndGlobalSection
EndGlobal
